// !$*UTF8*$!
{
	archiveVersion = 1;
	classes = {
	};
	objectVersion = 50;
	objects = {

/* Begin PBXBuildFile section */
		EDA847A725DF11CE000714C4 /* AppDelegate.swift in Sources */ = {isa = PBXBuildFile; fileRef = EDA847A625DF11CE000714C4 /* AppDelegate.swift */; };
		EDA847A925DF11CE000714C4 /* SceneDelegate.swift in Sources */ = {isa = PBXBuildFile; fileRef = EDA847A825DF11CE000714C4 /* SceneDelegate.swift */; };
		EDA847AB25DF11CE000714C4 /* ViewController.swift in Sources */ = {isa = PBXBuildFile; fileRef = EDA847AA25DF11CE000714C4 /* ViewController.swift */; };
		EDA847AE25DF11CE000714C4 /* Main.storyboard in Resources */ = {isa = PBXBuildFile; fileRef = EDA847AC25DF11CE000714C4 /* Main.storyboard */; };
		EDA847B025DF11D4000714C4 /* Assets.xcassets in Resources */ = {isa = PBXBuildFile; fileRef = EDA847AF25DF11D4000714C4 /* Assets.xcassets */; };
		EDA847B325DF11D4000714C4 /* LaunchScreen.storyboard in Resources */ = {isa = PBXBuildFile; fileRef = EDA847B125DF11D4000714C4 /* LaunchScreen.storyboard */; };
		EDA847BE25DF11D5000714C4 /* flixsterTests.swift in Sources */ = {isa = PBXBuildFile; fileRef = EDA847BD25DF11D5000714C4 /* flixsterTests.swift */; };
		EDA847C925DF11D5000714C4 /* flixsterUITests.swift in Sources */ = {isa = PBXBuildFile; fileRef = EDA847C825DF11D5000714C4 /* flixsterUITests.swift */; };
/* End PBXBuildFile section */

/* Begin PBXContainerItemProxy section */
		EDA847BA25DF11D5000714C4 /* PBXContainerItemProxy */ = {
			isa = PBXContainerItemProxy;
			containerPortal = EDA8479B25DF11CE000714C4 /* Project object */;
			proxyType = 1;
			remoteGlobalIDString = EDA847A225DF11CE000714C4;
			remoteInfo = flixster;
		};
		EDA847C525DF11D5000714C4 /* PBXContainerItemProxy */ = {
			isa = PBXContainerItemProxy;
			containerPortal = EDA8479B25DF11CE000714C4 /* Project object */;
			proxyType = 1;
			remoteGlobalIDString = EDA847A225DF11CE000714C4;
			remoteInfo = flixster;
		};
/* End PBXContainerItemProxy section */

/* Begin PBXFileReference section */
		EDA847A325DF11CE000714C4 /* flixster.app */ = {isa = PBXFileReference; explicitFileType = wrapper.application; includeInIndex = 0; path = flixster.app; sourceTree = BUILT_PRODUCTS_DIR; };
		EDA847A625DF11CE000714C4 /* AppDelegate.swift */ = {isa = PBXFileReference; lastKnownFileType = sourcecode.swift; path = AppDelegate.swift; sourceTree = "<group>"; };
		EDA847A825DF11CE000714C4 /* SceneDelegate.swift */ = {isa = PBXFileReference; lastKnownFileType = sourcecode.swift; path = SceneDelegate.swift; sourceTree = "<group>"; };
		EDA847AA25DF11CE000714C4 /* ViewController.swift */ = {isa = PBXFileReference; lastKnownFileType = sourcecode.swift; path = ViewController.swift; sourceTree = "<group>"; };
		EDA847AD25DF11CE000714C4 /* Base */ = {isa = PBXFileReference; lastKnownFileType = file.storyboard; name = Base; path = Base.lproj/Main.storyboard; sourceTree = "<group>"; };
		EDA847AF25DF11D4000714C4 /* Assets.xcassets */ = {isa = PBXFileReference; lastKnownFileType = folder.assetcatalog; path = Assets.xcassets; sourceTree = "<group>"; };
		EDA847B225DF11D4000714C4 /* Base */ = {isa = PBXFileReference; lastKnownFileType = file.storyboard; name = Base; path = Base.lproj/LaunchScreen.storyboard; sourceTree = "<group>"; };
		EDA847B425DF11D4000714C4 /* Info.plist */ = {isa = PBXFileReference; lastKnownFileType = text.plist.xml; path = Info.plist; sourceTree = "<group>"; };
		EDA847B925DF11D5000714C4 /* flixsterTests.xctest */ = {isa = PBXFileReference; explicitFileType = wrapper.cfbundle; includeInIndex = 0; path = flixsterTests.xctest; sourceTree = BUILT_PRODUCTS_DIR; };
		EDA847BD25DF11D5000714C4 /* flixsterTests.swift */ = {isa = PBXFileReference; lastKnownFileType = sourcecode.swift; path = flixsterTests.swift; sourceTree = "<group>"; };
		EDA847BF25DF11D5000714C4 /* Info.plist */ = {isa = PBXFileReference; lastKnownFileType = text.plist.xml; path = Info.plist; sourceTree = "<group>"; };
		EDA847C425DF11D5000714C4 /* flixsterUITests.xctest */ = {isa = PBXFileReference; explicitFileType = wrapper.cfbundle; includeInIndex = 0; path = flixsterUITests.xctest; sourceTree = BUILT_PRODUCTS_DIR; };
		EDA847C825DF11D5000714C4 /* flixsterUITests.swift */ = {isa = PBXFileReference; lastKnownFileType = sourcecode.swift; path = flixsterUITests.swift; sourceTree = "<group>"; };
		EDA847CA25DF11D5000714C4 /* Info.plist */ = {isa = PBXFileReference; lastKnownFileType = text.plist.xml; path = Info.plist; sourceTree = "<group>"; };
/* End PBXFileReference section */

/* Begin PBXFrameworksBuildPhase section */
		EDA847A025DF11CE000714C4 /* Frameworks */ = {
			isa = PBXFrameworksBuildPhase;
			buildActionMask = 2147483647;
			files = (
			);
			runOnlyForDeploymentPostprocessing = 0;
		};
		EDA847B625DF11D5000714C4 /* Frameworks */ = {
			isa = PBXFrameworksBuildPhase;
			buildActionMask = 2147483647;
			files = (
			);
			runOnlyForDeploymentPostprocessing = 0;
		};
		EDA847C125DF11D5000714C4 /* Frameworks */ = {
			isa = PBXFrameworksBuildPhase;
			buildActionMask = 2147483647;
			files = (
			);
			runOnlyForDeploymentPostprocessing = 0;
		};
/* End PBXFrameworksBuildPhase section */

/* Begin PBXGroup section */
		EDA8479A25DF11CE000714C4 = {
			isa = PBXGroup;
			children = (
				EDA847A525DF11CE000714C4 /* flixster */,
				EDA847BC25DF11D5000714C4 /* flixsterTests */,
				EDA847C725DF11D5000714C4 /* flixsterUITests */,
				EDA847A425DF11CE000714C4 /* Products */,
			);
			sourceTree = "<group>";
		};
		EDA847A425DF11CE000714C4 /* Products */ = {
			isa = PBXGroup;
			children = (
				EDA847A325DF11CE000714C4 /* flixster.app */,
				EDA847B925DF11D5000714C4 /* flixsterTests.xctest */,
				EDA847C425DF11D5000714C4 /* flixsterUITests.xctest */,
			);
			name = Products;
			sourceTree = "<group>";
		};
		EDA847A525DF11CE000714C4 /* flixster */ = {
			isa = PBXGroup;
			children = (
				EDA847A625DF11CE000714C4 /* AppDelegate.swift */,
				EDA847A825DF11CE000714C4 /* SceneDelegate.swift */,
				EDA847AA25DF11CE000714C4 /* ViewController.swift */,
				EDA847AC25DF11CE000714C4 /* Main.storyboard */,
				EDA847AF25DF11D4000714C4 /* Assets.xcassets */,
				EDA847B125DF11D4000714C4 /* LaunchScreen.storyboard */,
				EDA847B425DF11D4000714C4 /* Info.plist */,
			);
			path = flixster;
			sourceTree = "<group>";
		};
		EDA847BC25DF11D5000714C4 /* flixsterTests */ = {
			isa = PBXGroup;
			children = (
				EDA847BD25DF11D5000714C4 /* flixsterTests.swift */,
				EDA847BF25DF11D5000714C4 /* Info.plist */,
			);
			path = flixsterTests;
			sourceTree = "<group>";
		};
		EDA847C725DF11D5000714C4 /* flixsterUITests */ = {
			isa = PBXGroup;
			children = (
				EDA847C825DF11D5000714C4 /* flixsterUITests.swift */,
				EDA847CA25DF11D5000714C4 /* Info.plist */,
			);
			path = flixsterUITests;
			sourceTree = "<group>";
		};
/* End PBXGroup section */

/* Begin PBXNativeTarget section */
		EDA847A225DF11CE000714C4 /* flixster */ = {
			isa = PBXNativeTarget;
			buildConfigurationList = EDA847CD25DF11D5000714C4 /* Build configuration list for PBXNativeTarget "flixster" */;
			buildPhases = (
				EDA8479F25DF11CE000714C4 /* Sources */,
				EDA847A025DF11CE000714C4 /* Frameworks */,
				EDA847A125DF11CE000714C4 /* Resources */,
			);
			buildRules = (
			);
			dependencies = (
			);
			name = flixster;
			productName = flixster;
			productReference = EDA847A325DF11CE000714C4 /* flixster.app */;
			productType = "com.apple.product-type.application";
		};
		EDA847B825DF11D5000714C4 /* flixsterTests */ = {
			isa = PBXNativeTarget;
			buildConfigurationList = EDA847D025DF11D5000714C4 /* Build configuration list for PBXNativeTarget "flixsterTests" */;
			buildPhases = (
				EDA847B525DF11D5000714C4 /* Sources */,
				EDA847B625DF11D5000714C4 /* Frameworks */,
				EDA847B725DF11D5000714C4 /* Resources */,
			);
			buildRules = (
			);
			dependencies = (
				EDA847BB25DF11D5000714C4 /* PBXTargetDependency */,
			);
			name = flixsterTests;
			productName = flixsterTests;
			productReference = EDA847B925DF11D5000714C4 /* flixsterTests.xctest */;
			productType = "com.apple.product-type.bundle.unit-test";
		};
		EDA847C325DF11D5000714C4 /* flixsterUITests */ = {
			isa = PBXNativeTarget;
			buildConfigurationList = EDA847D325DF11D5000714C4 /* Build configuration list for PBXNativeTarget "flixsterUITests" */;
			buildPhases = (
				EDA847C025DF11D5000714C4 /* Sources */,
				EDA847C125DF11D5000714C4 /* Frameworks */,
				EDA847C225DF11D5000714C4 /* Resources */,
			);
			buildRules = (
			);
			dependencies = (
				EDA847C625DF11D5000714C4 /* PBXTargetDependency */,
			);
			name = flixsterUITests;
			productName = flixsterUITests;
			productReference = EDA847C425DF11D5000714C4 /* flixsterUITests.xctest */;
			productType = "com.apple.product-type.bundle.ui-testing";
		};
/* End PBXNativeTarget section */

/* Begin PBXProject section */
		EDA8479B25DF11CE000714C4 /* Project object */ = {
			isa = PBXProject;
			attributes = {
				LastSwiftUpdateCheck = 1230;
				LastUpgradeCheck = 1230;
				TargetAttributes = {
					EDA847A225DF11CE000714C4 = {
						CreatedOnToolsVersion = 12.3;
					};
					EDA847B825DF11D5000714C4 = {
						CreatedOnToolsVersion = 12.3;
						TestTargetID = EDA847A225DF11CE000714C4;
					};
					EDA847C325DF11D5000714C4 = {
						CreatedOnToolsVersion = 12.3;
						TestTargetID = EDA847A225DF11CE000714C4;
					};
				};
			};
			buildConfigurationList = EDA8479E25DF11CE000714C4 /* Build configuration list for PBXProject "flixster" */;
			compatibilityVersion = "Xcode 9.3";
			developmentRegion = en;
			hasScannedForEncodings = 0;
			knownRegions = (
				en,
				Base,
			);
			mainGroup = EDA8479A25DF11CE000714C4;
			productRefGroup = EDA847A425DF11CE000714C4 /* Products */;
			projectDirPath = "";
			projectRoot = "";
			targets = (
				EDA847A225DF11CE000714C4 /* flixster */,
				EDA847B825DF11D5000714C4 /* flixsterTests */,
				EDA847C325DF11D5000714C4 /* flixsterUITests */,
			);
		};
/* End PBXProject section */

/* Begin PBXResourcesBuildPhase section */
		EDA847A125DF11CE000714C4 /* Resources */ = {
			isa = PBXResourcesBuildPhase;
			buildActionMask = 2147483647;
			files = (
				EDA847B325DF11D4000714C4 /* LaunchScreen.storyboard in Resources */,
				EDA847B025DF11D4000714C4 /* Assets.xcassets in Resources */,
				EDA847AE25DF11CE000714C4 /* Main.storyboard in Resources */,
			);
			runOnlyForDeploymentPostprocessing = 0;
		};
		EDA847B725DF11D5000714C4 /* Resources */ = {
			isa = PBXResourcesBuildPhase;
			buildActionMask = 2147483647;
			files = (
			);
			runOnlyForDeploymentPostprocessing = 0;
		};
		EDA847C225DF11D5000714C4 /* Resources */ = {
			isa = PBXResourcesBuildPhase;
			buildActionMask = 2147483647;
			files = (
			);
			runOnlyForDeploymentPostprocessing = 0;
		};
/* End PBXResourcesBuildPhase section */

/* Begin PBXSourcesBuildPhase section */
		EDA8479F25DF11CE000714C4 /* Sources */ = {
			isa = PBXSourcesBuildPhase;
			buildActionMask = 2147483647;
			files = (
				EDA847AB25DF11CE000714C4 /* ViewController.swift in Sources */,
				EDA847A725DF11CE000714C4 /* AppDelegate.swift in Sources */,
				EDA847A925DF11CE000714C4 /* SceneDelegate.swift in Sources */,
			);
			runOnlyForDeploymentPostprocessing = 0;
		};
		EDA847B525DF11D5000714C4 /* Sources */ = {
			isa = PBXSourcesBuildPhase;
			buildActionMask = 2147483647;
			files = (
				EDA847BE25DF11D5000714C4 /* flixsterTests.swift in Sources */,
			);
			runOnlyForDeploymentPostprocessing = 0;
		};
		EDA847C025DF11D5000714C4 /* Sources */ = {
			isa = PBXSourcesBuildPhase;
			buildActionMask = 2147483647;
			files = (
				EDA847C925DF11D5000714C4 /* flixsterUITests.swift in Sources */,
			);
			runOnlyForDeploymentPostprocessing = 0;
		};
/* End PBXSourcesBuildPhase section */

/* Begin PBXTargetDependency section */
		EDA847BB25DF11D5000714C4 /* PBXTargetDependency */ = {
			isa = PBXTargetDependency;
			target = EDA847A225DF11CE000714C4 /* flixster */;
			targetProxy = EDA847BA25DF11D5000714C4 /* PBXContainerItemProxy */;
		};
		EDA847C625DF11D5000714C4 /* PBXTargetDependency */ = {
			isa = PBXTargetDependency;
			target = EDA847A225DF11CE000714C4 /* flixster */;
			targetProxy = EDA847C525DF11D5000714C4 /* PBXContainerItemProxy */;
		};
/* End PBXTargetDependency section */

/* Begin PBXVariantGroup section */
		EDA847AC25DF11CE000714C4 /* Main.storyboard */ = {
			isa = PBXVariantGroup;
			children = (
				EDA847AD25DF11CE000714C4 /* Base */,
			);
			name = Main.storyboard;
			sourceTree = "<group>";
		};
		EDA847B125DF11D4000714C4 /* LaunchScreen.storyboard */ = {
			isa = PBXVariantGroup;
			children = (
				EDA847B225DF11D4000714C4 /* Base */,
			);
			name = LaunchScreen.storyboard;
			sourceTree = "<group>";
		};
/* End PBXVariantGroup section */

/* Begin XCBuildConfiguration section */
		EDA847CB25DF11D5000714C4 /* Debug */ = {
			isa = XCBuildConfiguration;
			buildSettings = {
				ALWAYS_SEARCH_USER_PATHS = NO;
				CLANG_ANALYZER_NONNULL = YES;
				CLANG_ANALYZER_NUMBER_OBJECT_CONVERSION = YES_AGGRESSIVE;
				CLANG_CXX_LANGUAGE_STANDARD = "gnu++14";
				CLANG_CXX_LIBRARY = "libc++";
				CLANG_ENABLE_MODULES = YES;
				CLANG_ENABLE_OBJC_ARC = YES;
				CLANG_ENABLE_OBJC_WEAK = YES;
				CLANG_WARN_BLOCK_CAPTURE_AUTORELEASING = YES;
				CLANG_WARN_BOOL_CONVERSION = YES;
				CLANG_WARN_COMMA = YES;
				CLANG_WARN_CONSTANT_CONVERSION = YES;
				CLANG_WARN_DEPRECATED_OBJC_IMPLEMENTATIONS = YES;
				CLANG_WARN_DIRECT_OBJC_ISA_USAGE = YES_ERROR;
				CLANG_WARN_DOCUMENTATION_COMMENTS = YES;
				CLANG_WARN_EMPTY_BODY = YES;
				CLANG_WARN_ENUM_CONVERSION = YES;
				CLANG_WARN_INFINITE_RECURSION = YES;
				CLANG_WARN_INT_CONVERSION = YES;
				CLANG_WARN_NON_LITERAL_NULL_CONVERSION = YES;
				CLANG_WARN_OBJC_IMPLICIT_RETAIN_SELF = YES;
				CLANG_WARN_OBJC_LITERAL_CONVERSION = YES;
				CLANG_WARN_OBJC_ROOT_CLASS = YES_ERROR;
				CLANG_WARN_QUOTED_INCLUDE_IN_FRAMEWORK_HEADER = YES;
				CLANG_WARN_RANGE_LOOP_ANALYSIS = YES;
				CLANG_WARN_STRICT_PROTOTYPES = YES;
				CLANG_WARN_SUSPICIOUS_MOVE = YES;
				CLANG_WARN_UNGUARDED_AVAILABILITY = YES_AGGRESSIVE;
				CLANG_WARN_UNREACHABLE_CODE = YES;
				CLANG_WARN__DUPLICATE_METHOD_MATCH = YES;
				COPY_PHASE_STRIP = NO;
				DEBUG_INFORMATION_FORMAT = dwarf;
				ENABLE_STRICT_OBJC_MSGSEND = YES;
				ENABLE_TESTABILITY = YES;
				GCC_C_LANGUAGE_STANDARD = gnu11;
				GCC_DYNAMIC_NO_PIC = NO;
				GCC_NO_COMMON_BLOCKS = YES;
				GCC_OPTIMIZATION_LEVEL = 0;
				GCC_PREPROCESSOR_DEFINITIONS = (
					"DEBUG=1",
					"$(inherited)",
				);
				GCC_WARN_64_TO_32_BIT_CONVERSION = YES;
				GCC_WARN_ABOUT_RETURN_TYPE = YES_ERROR;
				GCC_WARN_UNDECLARED_SELECTOR = YES;
				GCC_WARN_UNINITIALIZED_AUTOS = YES_AGGRESSIVE;
				GCC_WARN_UNUSED_FUNCTION = YES;
				GCC_WARN_UNUSED_VARIABLE = YES;
				IPHONEOS_DEPLOYMENT_TARGET = 14.3;
				MTL_ENABLE_DEBUG_INFO = INCLUDE_SOURCE;
				MTL_FAST_MATH = YES;
				ONLY_ACTIVE_ARCH = YES;
				SDKROOT = iphoneos;
				SWIFT_ACTIVE_COMPILATION_CONDITIONS = DEBUG;
				SWIFT_OPTIMIZATION_LEVEL = "-Onone";
			};
			name = Debug;
		};
		EDA847CC25DF11D5000714C4 /* Release */ = {
			isa = XCBuildConfiguration;
			buildSettings = {
				ALWAYS_SEARCH_USER_PATHS = NO;
				CLANG_ANALYZER_NONNULL = YES;
				CLANG_ANALYZER_NUMBER_OBJECT_CONVERSION = YES_AGGRESSIVE;
				CLANG_CXX_LANGUAGE_STANDARD = "gnu++14";
				CLANG_CXX_LIBRARY = "libc++";
				CLANG_ENABLE_MODULES = YES;
				CLANG_ENABLE_OBJC_ARC = YES;
				CLANG_ENABLE_OBJC_WEAK = YES;
				CLANG_WARN_BLOCK_CAPTURE_AUTORELEASING = YES;
				CLANG_WARN_BOOL_CONVERSION = YES;
				CLANG_WARN_COMMA = YES;
				CLANG_WARN_CONSTANT_CONVERSION = YES;
				CLANG_WARN_DEPRECATED_OBJC_IMPLEMENTATIONS = YES;
				CLANG_WARN_DIRECT_OBJC_ISA_USAGE = YES_ERROR;
				CLANG_WARN_DOCUMENTATION_COMMENTS = YES;
				CLANG_WARN_EMPTY_BODY = YES;
				CLANG_WARN_ENUM_CONVERSION = YES;
				CLANG_WARN_INFINITE_RECURSION = YES;
				CLANG_WARN_INT_CONVERSION = YES;
				CLANG_WARN_NON_LITERAL_NULL_CONVERSION = YES;
				CLANG_WARN_OBJC_IMPLICIT_RETAIN_SELF = YES;
				CLANG_WARN_OBJC_LITERAL_CONVERSION = YES;
				CLANG_WARN_OBJC_ROOT_CLASS = YES_ERROR;
				CLANG_WARN_QUOTED_INCLUDE_IN_FRAMEWORK_HEADER = YES;
				CLANG_WARN_RANGE_LOOP_ANALYSIS = YES;
				CLANG_WARN_STRICT_PROTOTYPES = YES;
				CLANG_WARN_SUSPICIOUS_MOVE = YES;
				CLANG_WARN_UNGUARDED_AVAILABILITY = YES_AGGRESSIVE;
				CLANG_WARN_UNREACHABLE_CODE = YES;
				CLANG_WARN__DUPLICATE_METHOD_MATCH = YES;
				COPY_PHASE_STRIP = NO;
				DEBUG_INFORMATION_FORMAT = "dwarf-with-dsym";
				ENABLE_NS_ASSERTIONS = NO;
				ENABLE_STRICT_OBJC_MSGSEND = YES;
				GCC_C_LANGUAGE_STANDARD = gnu11;
				GCC_NO_COMMON_BLOCKS = YES;
				GCC_WARN_64_TO_32_BIT_CONVERSION = YES;
				GCC_WARN_ABOUT_RETURN_TYPE = YES_ERROR;
				GCC_WARN_UNDECLARED_SELECTOR = YES;
				GCC_WARN_UNINITIALIZED_AUTOS = YES_AGGRESSIVE;
				GCC_WARN_UNUSED_FUNCTION = YES;
				GCC_WARN_UNUSED_VARIABLE = YES;
				IPHONEOS_DEPLOYMENT_TARGET = 14.3;
				MTL_ENABLE_DEBUG_INFO = NO;
				MTL_FAST_MATH = YES;
				SDKROOT = iphoneos;
				SWIFT_COMPILATION_MODE = wholemodule;
				SWIFT_OPTIMIZATION_LEVEL = "-O";
				VALIDATE_PRODUCT = YES;
			};
			name = Release;
		};
		EDA847CE25DF11D5000714C4 /* Debug */ = {
			isa = XCBuildConfiguration;
			buildSettings = {
				ASSETCATALOG_COMPILER_APPICON_NAME = AppIcon;
				ASSETCATALOG_COMPILER_GLOBAL_ACCENT_COLOR_NAME = AccentColor;
				CODE_SIGN_STYLE = Automatic;
				INFOPLIST_FILE = flixster/Info.plist;
				LD_RUNPATH_SEARCH_PATHS = (
					"$(inherited)",
					"@executable_path/Frameworks",
				);
				PRODUCT_BUNDLE_IDENTIFIER = hpdnnr7.flixster;
				PRODUCT_NAME = "$(TARGET_NAME)";
				SWIFT_VERSION = 5.0;
				TARGETED_DEVICE_FAMILY = "1,2";
			};
			name = Debug;
		};
		EDA847CF25DF11D5000714C4 /* Release */ = {
			isa = XCBuildConfiguration;
			buildSettings = {
				ASSETCATALOG_COMPILER_APPICON_NAME = AppIcon;
				ASSETCATALOG_COMPILER_GLOBAL_ACCENT_COLOR_NAME = AccentColor;
				CODE_SIGN_STYLE = Automatic;
				INFOPLIST_FILE = flixster/Info.plist;
				LD_RUNPATH_SEARCH_PATHS = (
					"$(inherited)",
					"@executable_path/Frameworks",
				);
				PRODUCT_BUNDLE_IDENTIFIER = hpdnnr7.flixster;
				PRODUCT_NAME = "$(TARGET_NAME)";
				SWIFT_VERSION = 5.0;
				TARGETED_DEVICE_FAMILY = "1,2";
			};
			name = Release;
		};
		EDA847D125DF11D5000714C4 /* Debug */ = {
			isa = XCBuildConfiguration;
			buildSettings = {
				ALWAYS_EMBED_SWIFT_STANDARD_LIBRARIES = YES;
				BUNDLE_LOADER = "$(TEST_HOST)";
				CODE_SIGN_STYLE = Automatic;
				INFOPLIST_FILE = flixsterTests/Info.plist;
				IPHONEOS_DEPLOYMENT_TARGET = 14.3;
				LD_RUNPATH_SEARCH_PATHS = (
					"$(inherited)",
					"@executable_path/Frameworks",
					"@loader_path/Frameworks",
				);
				PRODUCT_BUNDLE_IDENTIFIER = hpdnnr7.flixsterTests;
				PRODUCT_NAME = "$(TARGET_NAME)";
				SWIFT_VERSION = 5.0;
				TARGETED_DEVICE_FAMILY = "1,2";
				TEST_HOST = "$(BUILT_PRODUCTS_DIR)/flixster.app/flixster";
			};
			name = Debug;
		};
		EDA847D225DF11D5000714C4 /* Release */ = {
			isa = XCBuildConfiguration;
			buildSettings = {
				ALWAYS_EMBED_SWIFT_STANDARD_LIBRARIES = YES;
				BUNDLE_LOADER = "$(TEST_HOST)";
				CODE_SIGN_STYLE = Automatic;
				INFOPLIST_FILE = flixsterTests/Info.plist;
				IPHONEOS_DEPLOYMENT_TARGET = 14.3;
				LD_RUNPATH_SEARCH_PATHS = (
					"$(inherited)",
					"@executable_path/Frameworks",
					"@loader_path/Frameworks",
				);
				PRODUCT_BUNDLE_IDENTIFIER = hpdnnr7.flixsterTests;
				PRODUCT_NAME = "$(TARGET_NAME)";
				SWIFT_VERSION = 5.0;
				TARGETED_DEVICE_FAMILY = "1,2";
				TEST_HOST = "$(BUILT_PRODUCTS_DIR)/flixster.app/flixster";
			};
			name = Release;
		};
		EDA847D425DF11D5000714C4 /* Debug */ = {
			isa = XCBuildConfiguration;
			buildSettings = {
				ALWAYS_EMBED_SWIFT_STANDARD_LIBRARIES = YES;
				CODE_SIGN_STYLE = Automatic;
				INFOPLIST_FILE = flixsterUITests/Info.plist;
				LD_RUNPATH_SEARCH_PATHS = (
					"$(inherited)",
					"@executable_path/Frameworks",
					"@loader_path/Frameworks",
				);
				PRODUCT_BUNDLE_IDENTIFIER = hpdnnr7.flixsterUITests;
				PRODUCT_NAME = "$(TARGET_NAME)";
				SWIFT_VERSION = 5.0;
				TARGETED_DEVICE_FAMILY = "1,2";
				TEST_TARGET_NAME = flixster;
			};
			name = Debug;
		};
		EDA847D525DF11D5000714C4 /* Release */ = {
			isa = XCBuildConfiguration;
			buildSettings = {
				ALWAYS_EMBED_SWIFT_STANDARD_LIBRARIES = YES;
				CODE_SIGN_STYLE = Automatic;
				INFOPLIST_FILE = flixsterUITests/Info.plist;
				LD_RUNPATH_SEARCH_PATHS = (
					"$(inherited)",
					"@executable_path/Frameworks",
					"@loader_path/Frameworks",
				);
				PRODUCT_BUNDLE_IDENTIFIER = hpdnnr7.flixsterUITests;
				PRODUCT_NAME = "$(TARGET_NAME)";
				SWIFT_VERSION = 5.0;
				TARGETED_DEVICE_FAMILY = "1,2";
				TEST_TARGET_NAME = flixster;
			};
			name = Release;
		};
/* End XCBuildConfiguration section */

/* Begin XCConfigurationList section */
		EDA8479E25DF11CE000714C4 /* Build configuration list for PBXProject "flixster" */ = {
			isa = XCConfigurationList;
			buildConfigurations = (
				EDA847CB25DF11D5000714C4 /* Debug */,
				EDA847CC25DF11D5000714C4 /* Release */,
			);
			defaultConfigurationIsVisible = 0;
			defaultConfigurationName = Release;
		};
		EDA847CD25DF11D5000714C4 /* Build configuration list for PBXNativeTarget "flixster" */ = {
			isa = XCConfigurationList;
			buildConfigurations = (
				EDA847CE25DF11D5000714C4 /* Debug */,
				EDA847CF25DF11D5000714C4 /* Release */,
			);
			defaultConfigurationIsVisible = 0;
			defaultConfigurationName = Release;
		};
		EDA847D025DF11D5000714C4 /* Build configuration list for PBXNativeTarget "flixsterTests" */ = {
			isa = XCConfigurationList;
			buildConfigurations = (
				EDA847D125DF11D5000714C4 /* Debug */,
				EDA847D225DF11D5000714C4 /* Release */,
			);
			defaultConfigurationIsVisible = 0;
			defaultConfigurationName = Release;
		};
		EDA847D325DF11D5000714C4 /* Build configuration list for PBXNativeTarget "flixsterUITests" */ = {
			isa = XCConfigurationList;
			buildConfigurations = (
				EDA847D425DF11D5000714C4 /* Debug */,
				EDA847D525DF11D5000714C4 /* Release */,
			);
			defaultConfigurationIsVisible = 0;
			defaultConfigurationName = Release;
		};
/* End XCConfigurationList section */
	};
	rootObject = EDA8479B25DF11CE000714C4 /* Project object */;
}
